// !$*UTF8*$!
{
	archiveVersion = 1;
	classes = {
	};
	objectVersion = 46;
	objects = {

/* Begin PBXBuildFile section */
		0F22E1B41E8407D1004B722A /* Main.storyboard in Resources */ = {isa = PBXBuildFile; fileRef = 0F22E1B21E8407D1004B722A /* Main.storyboard */; };
		0F22E1B61E8407D1004B722A /* Assets.xcassets in Resources */ = {isa = PBXBuildFile; fileRef = 0F22E1B51E8407D1004B722A /* Assets.xcassets */; };
		0F22E1B91E8407D1004B722A /* LaunchScreen.storyboard in Resources */ = {isa = PBXBuildFile; fileRef = 0F22E1B71E8407D1004B722A /* LaunchScreen.storyboard */; };
		2229C0851F744D820083C215 /* ViewRequestTableViewController.swift in Sources */ = {isa = PBXBuildFile; fileRef = 2229C0831F744D820083C215 /* ViewRequestTableViewController.swift */; };
		2229C0861F744D820083C215 /* ViewRequestTableViewCell.swift in Sources */ = {isa = PBXBuildFile; fileRef = 2229C0841F744D820083C215 /* ViewRequestTableViewCell.swift */; };
		2229C08B1F744D9E0083C215 /* RequestTableViewController.swift in Sources */ = {isa = PBXBuildFile; fileRef = 2229C0881F744D9E0083C215 /* RequestTableViewController.swift */; };
		2229C08C1F744D9E0083C215 /* CustomRequestViewController.swift in Sources */ = {isa = PBXBuildFile; fileRef = 2229C0891F744D9E0083C215 /* CustomRequestViewController.swift */; };
		2229C08D1F744D9E0083C215 /* RequestCategoryTableViewCell.swift in Sources */ = {isa = PBXBuildFile; fileRef = 2229C08A1F744D9E0083C215 /* RequestCategoryTableViewCell.swift */; };
		22302AFF1F7B376A0046E757 /* CircleMemberTableViewCell.swift in Sources */ = {isa = PBXBuildFile; fileRef = 22302AFD1F7B376A0046E757 /* CircleMemberTableViewCell.swift */; };
		22302B001F7B376A0046E757 /* CircleMemberTableViewController.swift in Sources */ = {isa = PBXBuildFile; fileRef = 22302AFE1F7B376A0046E757 /* CircleMemberTableViewController.swift */; };
		22302B041F7B37790046E757 /* CircleController.swift in Sources */ = {isa = PBXBuildFile; fileRef = 22302B011F7B37790046E757 /* CircleController.swift */; };
		22302B051F7B37790046E757 /* CircleTableViewController.swift in Sources */ = {isa = PBXBuildFile; fileRef = 22302B021F7B37790046E757 /* CircleTableViewController.swift */; };
		22302B061F7B37790046E757 /* CircleTableViewCell.swift in Sources */ = {isa = PBXBuildFile; fileRef = 22302B031F7B37790046E757 /* CircleTableViewCell.swift */; };
		223BE9B81F90062000C6A8F7 /* User.swift in Sources */ = {isa = PBXBuildFile; fileRef = 223BE9B71F90062000C6A8F7 /* User.swift */; };
		2261433D1F72E5FB00711DEF /* AppDelegate.swift in Sources */ = {isa = PBXBuildFile; fileRef = 226143391F72E5FA00711DEF /* AppDelegate.swift */; };
		2277E0671F744B5F00AC53CB /* Circle.swift in Sources */ = {isa = PBXBuildFile; fileRef = 2277E0641F744B5F00AC53CB /* Circle.swift */; };
		2277E0681F744B5F00AC53CB /* Order.swift in Sources */ = {isa = PBXBuildFile; fileRef = 2277E0651F744B5F00AC53CB /* Order.swift */; };
		2277E06D1F744BA400AC53CB /* UIImage.swift in Sources */ = {isa = PBXBuildFile; fileRef = 2277E06B1F744BA400AC53CB /* UIImage.swift */; };
		2277E06E1F744BA400AC53CB /* UIColor.swift in Sources */ = {isa = PBXBuildFile; fileRef = 2277E06C1F744BA400AC53CB /* UIColor.swift */; };
		2277E0761F744C6300AC53CB /* ViewController.swift in Sources */ = {isa = PBXBuildFile; fileRef = 2277E0751F744C6300AC53CB /* ViewController.swift */; };
		2277E0791F744C7800AC53CB /* LoginController.swift in Sources */ = {isa = PBXBuildFile; fileRef = 2277E0771F744C7800AC53CB /* LoginController.swift */; };
		2277E07A1F744C7800AC53CB /* RegisterController.swift in Sources */ = {isa = PBXBuildFile; fileRef = 2277E0781F744C7800AC53CB /* RegisterController.swift */; };
		22A139131FA69AD700B21CD2 /* Util.swift in Sources */ = {isa = PBXBuildFile; fileRef = 22A139121FA69AD700B21CD2 /* Util.swift */; };
		22A139151FA6A60A00B21CD2 /* Double.swift in Sources */ = {isa = PBXBuildFile; fileRef = 22A139141FA6A60A00B21CD2 /* Double.swift */; };
		22B9167D1F7B367D002FCDD6 /* NotificationTableViewCell.swift in Sources */ = {isa = PBXBuildFile; fileRef = 22B9167C1F7B367D002FCDD6 /* NotificationTableViewCell.swift */; };
		22B9167F1F7B3690002FCDD6 /* NotificationTableViewController.swift in Sources */ = {isa = PBXBuildFile; fileRef = 22B9167E1F7B3690002FCDD6 /* NotificationTableViewController.swift */; };
		749CDB62FAC047BF1F6EAAD2 /* libPods-Karma.a in Frameworks */ = {isa = PBXBuildFile; fileRef = C0CF2D11B7DDA2CB77059BA0 /* libPods-Karma.a */; };
/* End PBXBuildFile section */

/* Begin PBXFileReference section */
		05D99E2CD8E1D330A6C94F72 /* Pods-Karma.debug.xcconfig */ = {isa = PBXFileReference; includeInIndex = 1; lastKnownFileType = text.xcconfig; name = "Pods-Karma.debug.xcconfig"; path = "Pods/Target Support Files/Pods-Karma/Pods-Karma.debug.xcconfig"; sourceTree = "<group>"; };
		0F22E1AB1E8407D1004B722A /* Karma.app */ = {isa = PBXFileReference; explicitFileType = wrapper.application; includeInIndex = 0; path = Karma.app; sourceTree = BUILT_PRODUCTS_DIR; };
		0F22E1B31E8407D1004B722A /* Base */ = {isa = PBXFileReference; lastKnownFileType = file.storyboard; name = Base; path = Base.lproj/Main.storyboard; sourceTree = "<group>"; };
		0F22E1B51E8407D1004B722A /* Assets.xcassets */ = {isa = PBXFileReference; lastKnownFileType = folder.assetcatalog; path = Assets.xcassets; sourceTree = "<group>"; };
		0F22E1B81E8407D1004B722A /* Base */ = {isa = PBXFileReference; lastKnownFileType = file.storyboard; name = Base; path = Base.lproj/LaunchScreen.storyboard; sourceTree = "<group>"; };
		0F22E1BA1E8407D1004B722A /* Info.plist */ = {isa = PBXFileReference; lastKnownFileType = text.plist.xml; path = Info.plist; sourceTree = "<group>"; };
		2229C0831F744D820083C215 /* ViewRequestTableViewController.swift */ = {isa = PBXFileReference; fileEncoding = 4; lastKnownFileType = sourcecode.swift; path = ViewRequestTableViewController.swift; sourceTree = "<group>"; };
		2229C0841F744D820083C215 /* ViewRequestTableViewCell.swift */ = {isa = PBXFileReference; fileEncoding = 4; lastKnownFileType = sourcecode.swift; path = ViewRequestTableViewCell.swift; sourceTree = "<group>"; };
		2229C0881F744D9E0083C215 /* RequestTableViewController.swift */ = {isa = PBXFileReference; fileEncoding = 4; lastKnownFileType = sourcecode.swift; path = RequestTableViewController.swift; sourceTree = "<group>"; };
		2229C0891F744D9E0083C215 /* CustomRequestViewController.swift */ = {isa = PBXFileReference; fileEncoding = 4; lastKnownFileType = sourcecode.swift; path = CustomRequestViewController.swift; sourceTree = "<group>"; };
		2229C08A1F744D9E0083C215 /* RequestCategoryTableViewCell.swift */ = {isa = PBXFileReference; fileEncoding = 4; lastKnownFileType = sourcecode.swift; path = RequestCategoryTableViewCell.swift; sourceTree = "<group>"; };
		22302AFD1F7B376A0046E757 /* CircleMemberTableViewCell.swift */ = {isa = PBXFileReference; fileEncoding = 4; lastKnownFileType = sourcecode.swift; name = CircleMemberTableViewCell.swift; path = Karma/Controllers/Circle/Members/CircleMemberTableViewCell.swift; sourceTree = SOURCE_ROOT; };
		22302AFE1F7B376A0046E757 /* CircleMemberTableViewController.swift */ = {isa = PBXFileReference; fileEncoding = 4; lastKnownFileType = sourcecode.swift; name = CircleMemberTableViewController.swift; path = Karma/Controllers/Circle/Members/CircleMemberTableViewController.swift; sourceTree = SOURCE_ROOT; };
		22302B011F7B37790046E757 /* CircleController.swift */ = {isa = PBXFileReference; fileEncoding = 4; lastKnownFileType = sourcecode.swift; name = CircleController.swift; path = Karma/Controllers/Circle/CircleController.swift; sourceTree = SOURCE_ROOT; };
		22302B021F7B37790046E757 /* CircleTableViewController.swift */ = {isa = PBXFileReference; fileEncoding = 4; lastKnownFileType = sourcecode.swift; name = CircleTableViewController.swift; path = Karma/Controllers/Circle/CircleTableViewController.swift; sourceTree = SOURCE_ROOT; };
		22302B031F7B37790046E757 /* CircleTableViewCell.swift */ = {isa = PBXFileReference; fileEncoding = 4; lastKnownFileType = sourcecode.swift; name = CircleTableViewCell.swift; path = Karma/Controllers/Circle/CircleTableViewCell.swift; sourceTree = SOURCE_ROOT; };
		223BE9B71F90062000C6A8F7 /* User.swift */ = {isa = PBXFileReference; lastKnownFileType = sourcecode.swift; path = User.swift; sourceTree = "<group>"; };
		226143391F72E5FA00711DEF /* AppDelegate.swift */ = {isa = PBXFileReference; lastKnownFileType = sourcecode.swift; path = AppDelegate.swift; sourceTree = "<group>"; };
		2277E0641F744B5F00AC53CB /* Circle.swift */ = {isa = PBXFileReference; fileEncoding = 4; lastKnownFileType = sourcecode.swift; path = Circle.swift; sourceTree = "<group>"; };
		2277E0651F744B5F00AC53CB /* Order.swift */ = {isa = PBXFileReference; fileEncoding = 4; lastKnownFileType = sourcecode.swift; path = Order.swift; sourceTree = "<group>"; };
		2277E06B1F744BA400AC53CB /* UIImage.swift */ = {isa = PBXFileReference; fileEncoding = 4; lastKnownFileType = sourcecode.swift; path = UIImage.swift; sourceTree = "<group>"; };
		2277E06C1F744BA400AC53CB /* UIColor.swift */ = {isa = PBXFileReference; fileEncoding = 4; lastKnownFileType = sourcecode.swift; path = UIColor.swift; sourceTree = "<group>"; };
		2277E0751F744C6300AC53CB /* ViewController.swift */ = {isa = PBXFileReference; fileEncoding = 4; lastKnownFileType = sourcecode.swift; path = ViewController.swift; sourceTree = "<group>"; };
		2277E0771F744C7800AC53CB /* LoginController.swift */ = {isa = PBXFileReference; fileEncoding = 4; lastKnownFileType = sourcecode.swift; path = LoginController.swift; sourceTree = "<group>"; };
		2277E0781F744C7800AC53CB /* RegisterController.swift */ = {isa = PBXFileReference; fileEncoding = 4; lastKnownFileType = sourcecode.swift; path = RegisterController.swift; sourceTree = "<group>"; };
		22A139121FA69AD700B21CD2 /* Util.swift */ = {isa = PBXFileReference; lastKnownFileType = sourcecode.swift; path = Util.swift; sourceTree = "<group>"; };
		22A139141FA6A60A00B21CD2 /* Double.swift */ = {isa = PBXFileReference; lastKnownFileType = sourcecode.swift; path = Double.swift; sourceTree = "<group>"; };
		22B9167C1F7B367D002FCDD6 /* NotificationTableViewCell.swift */ = {isa = PBXFileReference; lastKnownFileType = sourcecode.swift; path = NotificationTableViewCell.swift; sourceTree = "<group>"; };
		22B9167E1F7B3690002FCDD6 /* NotificationTableViewController.swift */ = {isa = PBXFileReference; lastKnownFileType = sourcecode.swift; path = NotificationTableViewController.swift; sourceTree = "<group>"; };
		ABEFA3D6DA2E1C5CD49339F5 /* Pods-Karma.release.xcconfig */ = {isa = PBXFileReference; includeInIndex = 1; lastKnownFileType = text.xcconfig; name = "Pods-Karma.release.xcconfig"; path = "Pods/Target Support Files/Pods-Karma/Pods-Karma.release.xcconfig"; sourceTree = "<group>"; };
		C0CF2D11B7DDA2CB77059BA0 /* libPods-Karma.a */ = {isa = PBXFileReference; explicitFileType = archive.ar; includeInIndex = 0; path = "libPods-Karma.a"; sourceTree = BUILT_PRODUCTS_DIR; };
/* End PBXFileReference section */

/* Begin PBXFrameworksBuildPhase section */
		0F22E1A81E8407D1004B722A /* Frameworks */ = {
			isa = PBXFrameworksBuildPhase;
			buildActionMask = 2147483647;
			files = (
				749CDB62FAC047BF1F6EAAD2 /* libPods-Karma.a in Frameworks */,
			);
			runOnlyForDeploymentPostprocessing = 0;
		};
/* End PBXFrameworksBuildPhase section */

/* Begin PBXGroup section */
		0F22E1A21E8407D1004B722A = {
			isa = PBXGroup;
			children = (
				0F22E1AD1E8407D1004B722A /* Karma */,
				0F22E1AC1E8407D1004B722A /* Products */,
				EC93994028366C7236EAAAE4 /* Pods */,
				5A8163A77E6F62574C4A1FC1 /* Frameworks */,
			);
			sourceTree = "<group>";
		};
		0F22E1AC1E8407D1004B722A /* Products */ = {
			isa = PBXGroup;
			children = (
				0F22E1AB1E8407D1004B722A /* Karma.app */,
			);
			name = Products;
			sourceTree = "<group>";
		};
		0F22E1AD1E8407D1004B722A /* Karma */ = {
			isa = PBXGroup;
			children = (
				0F22E1B21E8407D1004B722A /* Main.storyboard */,
				0F22E1B71E8407D1004B722A /* LaunchScreen.storyboard */,
				226143391F72E5FA00711DEF /* AppDelegate.swift */,
				2277E05D1F744AEE00AC53CB /* Models */,
				2277E06A1F744B7000AC53CB /* Extensions */,
				2277E0711F744C0800AC53CB /* Controllers */,
				0F22E1B51E8407D1004B722A /* Assets.xcassets */,
				0F22E1BA1E8407D1004B722A /* Info.plist */,
			);
			path = Karma;
			sourceTree = "<group>";
		};
		2229C0821F744D6E0083C215 /* ViewRequest */ = {
			isa = PBXGroup;
			children = (
				2229C0841F744D820083C215 /* ViewRequestTableViewCell.swift */,
				2229C0831F744D820083C215 /* ViewRequestTableViewController.swift */,
			);
			path = ViewRequest;
			sourceTree = "<group>";
		};
		2229C0871F744D860083C215 /* AddRequest */ = {
			isa = PBXGroup;
			children = (
				2229C0891F744D9E0083C215 /* CustomRequestViewController.swift */,
				2229C08A1F744D9E0083C215 /* RequestCategoryTableViewCell.swift */,
				2229C0881F744D9E0083C215 /* RequestTableViewController.swift */,
			);
			path = AddRequest;
			sourceTree = "<group>";
		};
		22302AFB1F7B36EF0046E757 /* Circle */ = {
			isa = PBXGroup;
			children = (
				22302B011F7B37790046E757 /* CircleController.swift */,
				22302B031F7B37790046E757 /* CircleTableViewCell.swift */,
				22302B021F7B37790046E757 /* CircleTableViewController.swift */,
				22302AFC1F7B37210046E757 /* Members */,
			);
			path = Circle;
			sourceTree = "<group>";
		};
		22302AFC1F7B37210046E757 /* Members */ = {
			isa = PBXGroup;
			children = (
				22302AFD1F7B376A0046E757 /* CircleMemberTableViewCell.swift */,
				22302AFE1F7B376A0046E757 /* CircleMemberTableViewController.swift */,
			);
			path = Members;
			sourceTree = "<group>";
		};
		2277E05D1F744AEE00AC53CB /* Models */ = {
			isa = PBXGroup;
			children = (
				223BE9B71F90062000C6A8F7 /* User.swift */,
				2277E0641F744B5F00AC53CB /* Circle.swift */,
				2277E0651F744B5F00AC53CB /* Order.swift */,
			);
			path = Models;
			sourceTree = "<group>";
		};
		2277E06A1F744B7000AC53CB /* Extensions */ = {
			isa = PBXGroup;
			children = (
				2277E06C1F744BA400AC53CB /* UIColor.swift */,
				2277E06B1F744BA400AC53CB /* UIImage.swift */,
				22A139141FA6A60A00B21CD2 /* Double.swift */,
				22A139121FA69AD700B21CD2 /* Util.swift */,
			);
			path = Extensions;
			sourceTree = "<group>";
		};
		2277E0711F744C0800AC53CB /* Controllers */ = {
			isa = PBXGroup;
			children = (
				2277E0751F744C6300AC53CB /* ViewController.swift */,
				2277E0721F744C2B00AC53CB /* User */,
				22302AFB1F7B36EF0046E757 /* Circle */,
				2277E0741F744C3800AC53CB /* Order */,
			);
			path = Controllers;
			sourceTree = "<group>";
		};
		2277E0721F744C2B00AC53CB /* User */ = {
			isa = PBXGroup;
			children = (
				2277E0771F744C7800AC53CB /* LoginController.swift */,
				2277E0781F744C7800AC53CB /* RegisterController.swift */,
			);
			path = User;
			sourceTree = "<group>";
		};
		2277E0741F744C3800AC53CB /* Order */ = {
			isa = PBXGroup;
			children = (
				228CA9541F7B34180039B250 /* Notification */,
				2229C0821F744D6E0083C215 /* ViewRequest */,
				2229C0871F744D860083C215 /* AddRequest */,
			);
			path = Order;
			sourceTree = "<group>";
		};
		228CA9541F7B34180039B250 /* Notification */ = {
			isa = PBXGroup;
			children = (
				22B9167C1F7B367D002FCDD6 /* NotificationTableViewCell.swift */,
				22B9167E1F7B3690002FCDD6 /* NotificationTableViewController.swift */,
			);
			path = Notification;
			sourceTree = "<group>";
		};
		5A8163A77E6F62574C4A1FC1 /* Frameworks */ = {
			isa = PBXGroup;
			children = (
				C0CF2D11B7DDA2CB77059BA0 /* libPods-Karma.a */,
			);
			name = Frameworks;
			sourceTree = "<group>";
		};
		EC93994028366C7236EAAAE4 /* Pods */ = {
			isa = PBXGroup;
			children = (
				05D99E2CD8E1D330A6C94F72 /* Pods-Karma.debug.xcconfig */,
				ABEFA3D6DA2E1C5CD49339F5 /* Pods-Karma.release.xcconfig */,
			);
			name = Pods;
			sourceTree = "<group>";
		};
/* End PBXGroup section */

/* Begin PBXNativeTarget section */
		0F22E1AA1E8407D1004B722A /* Karma */ = {
			isa = PBXNativeTarget;
			buildConfigurationList = 0F22E1BD1E8407D1004B722A /* Build configuration list for PBXNativeTarget "Karma" */;
			buildPhases = (
				A4C8B9FB0B058D3FE9E956E8 /* [CP] Check Pods Manifest.lock */,
				0F22E1A71E8407D1004B722A /* Sources */,
				0F22E1A81E8407D1004B722A /* Frameworks */,
				0F22E1A91E8407D1004B722A /* Resources */,
				19CC24C0800A14715E8C1E8F /* [CP] Embed Pods Frameworks */,
				FD0E521EAECE7CD1705D52CE /* [CP] Copy Pods Resources */,
			);
			buildRules = (
			);
			dependencies = (
			);
			name = Karma;
			productName = Karma;
			productReference = 0F22E1AB1E8407D1004B722A /* Karma.app */;
			productType = "com.apple.product-type.application";
		};
/* End PBXNativeTarget section */

/* Begin PBXProject section */
		0F22E1A31E8407D1004B722A /* Project object */ = {
			isa = PBXProject;
			attributes = {
				KnownAssetTags = (
					com.apple.gamecenter.Leaderboard,
				);
				LastSwiftUpdateCheck = 0820;
				LastUpgradeCheck = 0900;
				ORGANIZATIONNAME = "Olya Danylova";
				TargetAttributes = {
					0F22E1AA1E8407D1004B722A = {
						CreatedOnToolsVersion = 8.2.1;
						DevelopmentTeam = B4LQS9CJ47;
						LastSwiftMigration = 0900;
						ProvisioningStyle = Automatic;
					};
				};
			};
			buildConfigurationList = 0F22E1A61E8407D1004B722A /* Build configuration list for PBXProject "Karma" */;
			compatibilityVersion = "Xcode 3.2";
			developmentRegion = English;
			hasScannedForEncodings = 0;
			knownRegions = (
				en,
				Base,
			);
			mainGroup = 0F22E1A21E8407D1004B722A;
			productRefGroup = 0F22E1AC1E8407D1004B722A /* Products */;
			projectDirPath = "";
			projectRoot = "";
			targets = (
				0F22E1AA1E8407D1004B722A /* Karma */,
			);
		};
/* End PBXProject section */

/* Begin PBXResourcesBuildPhase section */
		0F22E1A91E8407D1004B722A /* Resources */ = {
			isa = PBXResourcesBuildPhase;
			buildActionMask = 2147483647;
			files = (
				0F22E1B91E8407D1004B722A /* LaunchScreen.storyboard in Resources */,
				0F22E1B61E8407D1004B722A /* Assets.xcassets in Resources */,
				0F22E1B41E8407D1004B722A /* Main.storyboard in Resources */,
			);
			runOnlyForDeploymentPostprocessing = 0;
		};
/* End PBXResourcesBuildPhase section */

/* Begin PBXShellScriptBuildPhase section */
		19CC24C0800A14715E8C1E8F /* [CP] Embed Pods Frameworks */ = {
			isa = PBXShellScriptBuildPhase;
			buildActionMask = 2147483647;
			files = (
			);
			inputPaths = (
			);
			name = "[CP] Embed Pods Frameworks";
			outputPaths = (
			);
			runOnlyForDeploymentPostprocessing = 0;
			shellPath = /bin/sh;
			shellScript = "\"${SRCROOT}/Pods/Target Support Files/Pods-Karma/Pods-Karma-frameworks.sh\"\n";
			showEnvVarsInLog = 0;
		};
		A4C8B9FB0B058D3FE9E956E8 /* [CP] Check Pods Manifest.lock */ = {
			isa = PBXShellScriptBuildPhase;
			buildActionMask = 2147483647;
			files = (
			);
			inputPaths = (
				"${PODS_PODFILE_DIR_PATH}/Podfile.lock",
				"${PODS_ROOT}/Manifest.lock",
			);
			name = "[CP] Check Pods Manifest.lock";
			outputPaths = (
				"$(DERIVED_FILE_DIR)/Pods-Karma-checkManifestLockResult.txt",
			);
			runOnlyForDeploymentPostprocessing = 0;
			shellPath = /bin/sh;
			shellScript = "diff \"${PODS_PODFILE_DIR_PATH}/Podfile.lock\" \"${PODS_ROOT}/Manifest.lock\" > /dev/null\nif [ $? != 0 ] ; then\n    # print error to STDERR\n    echo \"error: The sandbox is not in sync with the Podfile.lock. Run 'pod install' or update your CocoaPods installation.\" >&2\n    exit 1\nfi\n# This output is used by Xcode 'outputs' to avoid re-running this script phase.\necho \"SUCCESS\" > \"${SCRIPT_OUTPUT_FILE_0}\"\n";
			showEnvVarsInLog = 0;
		};
		FD0E521EAECE7CD1705D52CE /* [CP] Copy Pods Resources */ = {
			isa = PBXShellScriptBuildPhase;
			buildActionMask = 2147483647;
			files = (
			);
			inputPaths = (
			);
			name = "[CP] Copy Pods Resources";
			outputPaths = (
			);
			runOnlyForDeploymentPostprocessing = 0;
			shellPath = /bin/sh;
			shellScript = "\"${SRCROOT}/Pods/Target Support Files/Pods-Karma/Pods-Karma-resources.sh\"\n";
			showEnvVarsInLog = 0;
		};
/* End PBXShellScriptBuildPhase section */

/* Begin PBXSourcesBuildPhase section */
		0F22E1A71E8407D1004B722A /* Sources */ = {
			isa = PBXSourcesBuildPhase;
			buildActionMask = 2147483647;
			files = (
				223BE9B81F90062000C6A8F7 /* User.swift in Sources */,
				22B9167F1F7B3690002FCDD6 /* NotificationTableViewController.swift in Sources */,
				22302AFF1F7B376A0046E757 /* CircleMemberTableViewCell.swift in Sources */,
				2229C0861F744D820083C215 /* ViewRequestTableViewCell.swift in Sources */,
				22302B041F7B37790046E757 /* CircleController.swift in Sources */,
				2229C0851F744D820083C215 /* ViewRequestTableViewController.swift in Sources */,
				2277E06E1F744BA400AC53CB /* UIColor.swift in Sources */,
				2229C08B1F744D9E0083C215 /* RequestTableViewController.swift in Sources */,
				2277E06D1F744BA400AC53CB /* UIImage.swift in Sources */,
				2229C08D1F744D9E0083C215 /* RequestCategoryTableViewCell.swift in Sources */,
				2277E0681F744B5F00AC53CB /* Order.swift in Sources */,
				22A139151FA6A60A00B21CD2 /* Double.swift in Sources */,
				22A139131FA69AD700B21CD2 /* Util.swift in Sources */,
				22302B051F7B37790046E757 /* CircleTableViewController.swift in Sources */,
				2277E0761F744C6300AC53CB /* ViewController.swift in Sources */,
				22B9167D1F7B367D002FCDD6 /* NotificationTableViewCell.swift in Sources */,
				2277E0791F744C7800AC53CB /* LoginController.swift in Sources */,
				2261433D1F72E5FB00711DEF /* AppDelegate.swift in Sources */,
				22302B061F7B37790046E757 /* CircleTableViewCell.swift in Sources */,
				2229C08C1F744D9E0083C215 /* CustomRequestViewController.swift in Sources */,
				2277E0671F744B5F00AC53CB /* Circle.swift in Sources */,
				2277E07A1F744C7800AC53CB /* RegisterController.swift in Sources */,
				22302B001F7B376A0046E757 /* CircleMemberTableViewController.swift in Sources */,
			);
			runOnlyForDeploymentPostprocessing = 0;
		};
/* End PBXSourcesBuildPhase section */

/* Begin PBXVariantGroup section */
		0F22E1B21E8407D1004B722A /* Main.storyboard */ = {
			isa = PBXVariantGroup;
			children = (
				0F22E1B31E8407D1004B722A /* Base */,
			);
			name = Main.storyboard;
			sourceTree = "<group>";
		};
		0F22E1B71E8407D1004B722A /* LaunchScreen.storyboard */ = {
			isa = PBXVariantGroup;
			children = (
				0F22E1B81E8407D1004B722A /* Base */,
			);
			name = LaunchScreen.storyboard;
			sourceTree = "<group>";
		};
/* End PBXVariantGroup section */

/* Begin XCBuildConfiguration section */
		0F22E1BB1E8407D1004B722A /* Debug */ = {
			isa = XCBuildConfiguration;
			buildSettings = {
				ALWAYS_SEARCH_USER_PATHS = NO;
				CLANG_ANALYZER_NONNULL = YES;
				CLANG_CXX_LANGUAGE_STANDARD = "gnu++0x";
				CLANG_CXX_LIBRARY = "libc++";
				CLANG_ENABLE_MODULES = YES;
				CLANG_ENABLE_OBJC_ARC = YES;
				CLANG_WARN_BLOCK_CAPTURE_AUTORELEASING = YES;
				CLANG_WARN_BOOL_CONVERSION = YES;
				CLANG_WARN_COMMA = YES;
				CLANG_WARN_CONSTANT_CONVERSION = YES;
				CLANG_WARN_DIRECT_OBJC_ISA_USAGE = YES_ERROR;
				CLANG_WARN_DOCUMENTATION_COMMENTS = YES;
				CLANG_WARN_EMPTY_BODY = YES;
				CLANG_WARN_ENUM_CONVERSION = YES;
				CLANG_WARN_INFINITE_RECURSION = YES;
				CLANG_WARN_INT_CONVERSION = YES;
				CLANG_WARN_NON_LITERAL_NULL_CONVERSION = YES;
				CLANG_WARN_OBJC_LITERAL_CONVERSION = YES;
				CLANG_WARN_OBJC_ROOT_CLASS = YES_ERROR;
				CLANG_WARN_RANGE_LOOP_ANALYSIS = YES;
				CLANG_WARN_STRICT_PROTOTYPES = YES;
				CLANG_WARN_SUSPICIOUS_MOVE = YES;
				CLANG_WARN_UNREACHABLE_CODE = YES;
				CLANG_WARN__DUPLICATE_METHOD_MATCH = YES;
				"CODE_SIGN_IDENTITY[sdk=iphoneos*]" = "iPhone Developer";
				COPY_PHASE_STRIP = NO;
				DEBUG_INFORMATION_FORMAT = dwarf;
				ENABLE_STRICT_OBJC_MSGSEND = YES;
				ENABLE_TESTABILITY = YES;
				GCC_C_LANGUAGE_STANDARD = gnu99;
				GCC_DYNAMIC_NO_PIC = NO;
				GCC_NO_COMMON_BLOCKS = YES;
				GCC_OPTIMIZATION_LEVEL = 0;
				GCC_PREPROCESSOR_DEFINITIONS = (
					"DEBUG=1",
					"$(inherited)",
				);
				GCC_WARN_64_TO_32_BIT_CONVERSION = YES;
				GCC_WARN_ABOUT_RETURN_TYPE = YES_ERROR;
				GCC_WARN_UNDECLARED_SELECTOR = YES;
				GCC_WARN_UNINITIALIZED_AUTOS = YES_AGGRESSIVE;
				GCC_WARN_UNUSED_FUNCTION = YES;
				GCC_WARN_UNUSED_VARIABLE = YES;
				IPHONEOS_DEPLOYMENT_TARGET = 8.0;
				MTL_ENABLE_DEBUG_INFO = YES;
				ONLY_ACTIVE_ARCH = YES;
				SDKROOT = iphoneos;
				SWIFT_ACTIVE_COMPILATION_CONDITIONS = DEBUG;
				SWIFT_OPTIMIZATION_LEVEL = "-Onone";
			};
			name = Debug;
		};
		0F22E1BC1E8407D1004B722A /* Release */ = {
			isa = XCBuildConfiguration;
			buildSettings = {
				ALWAYS_SEARCH_USER_PATHS = NO;
				CLANG_ANALYZER_NONNULL = YES;
				CLANG_CXX_LANGUAGE_STANDARD = "gnu++0x";
				CLANG_CXX_LIBRARY = "libc++";
				CLANG_ENABLE_MODULES = YES;
				CLANG_ENABLE_OBJC_ARC = YES;
				CLANG_WARN_BLOCK_CAPTURE_AUTORELEASING = YES;
				CLANG_WARN_BOOL_CONVERSION = YES;
				CLANG_WARN_COMMA = YES;
				CLANG_WARN_CONSTANT_CONVERSION = YES;
				CLANG_WARN_DIRECT_OBJC_ISA_USAGE = YES_ERROR;
				CLANG_WARN_DOCUMENTATION_COMMENTS = YES;
				CLANG_WARN_EMPTY_BODY = YES;
				CLANG_WARN_ENUM_CONVERSION = YES;
				CLANG_WARN_INFINITE_RECURSION = YES;
				CLANG_WARN_INT_CONVERSION = YES;
				CLANG_WARN_NON_LITERAL_NULL_CONVERSION = YES;
				CLANG_WARN_OBJC_LITERAL_CONVERSION = YES;
				CLANG_WARN_OBJC_ROOT_CLASS = YES_ERROR;
				CLANG_WARN_RANGE_LOOP_ANALYSIS = YES;
				CLANG_WARN_STRICT_PROTOTYPES = YES;
				CLANG_WARN_SUSPICIOUS_MOVE = YES;
				CLANG_WARN_UNREACHABLE_CODE = YES;
				CLANG_WARN__DUPLICATE_METHOD_MATCH = YES;
				"CODE_SIGN_IDENTITY[sdk=iphoneos*]" = "iPhone Developer";
				COPY_PHASE_STRIP = NO;
				DEBUG_INFORMATION_FORMAT = "dwarf-with-dsym";
				ENABLE_NS_ASSERTIONS = NO;
				ENABLE_STRICT_OBJC_MSGSEND = YES;
				GCC_C_LANGUAGE_STANDARD = gnu99;
				GCC_NO_COMMON_BLOCKS = YES;
				GCC_WARN_64_TO_32_BIT_CONVERSION = YES;
				GCC_WARN_ABOUT_RETURN_TYPE = YES_ERROR;
				GCC_WARN_UNDECLARED_SELECTOR = YES;
				GCC_WARN_UNINITIALIZED_AUTOS = YES_AGGRESSIVE;
				GCC_WARN_UNUSED_FUNCTION = YES;
				GCC_WARN_UNUSED_VARIABLE = YES;
				IPHONEOS_DEPLOYMENT_TARGET = 8.0;
				MTL_ENABLE_DEBUG_INFO = NO;
				SDKROOT = iphoneos;
				SWIFT_OPTIMIZATION_LEVEL = "-Owholemodule";
				VALIDATE_PRODUCT = YES;
			};
			name = Release;
		};
		0F22E1BE1E8407D1004B722A /* Debug */ = {
			isa = XCBuildConfiguration;
			baseConfigurationReference = 05D99E2CD8E1D330A6C94F72 /* Pods-Karma.debug.xcconfig */;
			buildSettings = {
				ASSETCATALOG_COMPILER_APPICON_NAME = AppIcon;
				DEVELOPMENT_TEAM = B4LQS9CJ47;
				INFOPLIST_FILE = Karma/Info.plist;
				LD_RUNPATH_SEARCH_PATHS = "$(inherited) @executable_path/Frameworks";
				PRODUCT_BUNDLE_IDENTIFIER = com.test.Karma;
				PRODUCT_NAME = "$(TARGET_NAME)";
				SWIFT_OBJC_BRIDGING_HEADER = "Pods/Backendless/SDK/ios/backendless/include/Backendless-Bridging-Header.h";
				SWIFT_SWIFT3_OBJC_INFERENCE = On;
				SWIFT_VERSION = 4.0;
			};
			name = Debug;
		};
		0F22E1BF1E8407D1004B722A /* Release */ = {
			isa = XCBuildConfiguration;
			baseConfigurationReference = ABEFA3D6DA2E1C5CD49339F5 /* Pods-Karma.release.xcconfig */;
			buildSettings = {
				ASSETCATALOG_COMPILER_APPICON_NAME = AppIcon;
				DEVELOPMENT_TEAM = B4LQS9CJ47;
				INFOPLIST_FILE = Karma/Info.plist;
				LD_RUNPATH_SEARCH_PATHS = "$(inherited) @executable_path/Frameworks";
				PRODUCT_BUNDLE_IDENTIFIER = com.test.Karma;
				PRODUCT_NAME = "$(TARGET_NAME)";
				SWIFT_OBJC_BRIDGING_HEADER = "Pods/Backendless/SDK/ios/backendless/include/Backendless-Bridging-Header.h";
				SWIFT_SWIFT3_OBJC_INFERENCE = On;
				SWIFT_VERSION = 4.0;
			};
			name = Release;
		};
/* End XCBuildConfiguration section */

/* Begin XCConfigurationList section */
		0F22E1A61E8407D1004B722A /* Build configuration list for PBXProject "Karma" */ = {
			isa = XCConfigurationList;
			buildConfigurations = (
				0F22E1BB1E8407D1004B722A /* Debug */,
				0F22E1BC1E8407D1004B722A /* Release */,
			);
			defaultConfigurationIsVisible = 0;
			defaultConfigurationName = Release;
		};
		0F22E1BD1E8407D1004B722A /* Build configuration list for PBXNativeTarget "Karma" */ = {
			isa = XCConfigurationList;
			buildConfigurations = (
				0F22E1BE1E8407D1004B722A /* Debug */,
				0F22E1BF1E8407D1004B722A /* Release */,
			);
			defaultConfigurationIsVisible = 0;
			defaultConfigurationName = Release;
		};
/* End XCConfigurationList section */
	};
	rootObject = 0F22E1A31E8407D1004B722A /* Project object */;
}
