// !$*UTF8*$!
{
	archiveVersion = 1;
	classes = {
	};
	objectVersion = 46;
	objects = {

/* Begin PBXBuildFile section */
		0F22E1B41E8407D1004B722A /* Main.storyboard in Resources */ = {isa = PBXBuildFile; fileRef = 0F22E1B21E8407D1004B722A /* Main.storyboard */; };
		0F22E1B61E8407D1004B722A /* Assets.xcassets in Resources */ = {isa = PBXBuildFile; fileRef = 0F22E1B51E8407D1004B722A /* Assets.xcassets */; };
		0F22E1B91E8407D1004B722A /* LaunchScreen.storyboard in Resources */ = {isa = PBXBuildFile; fileRef = 0F22E1B71E8407D1004B722A /* LaunchScreen.storyboard */; };
		220FE6DC1FBB9AD7006C257E /* NumPadCalculator.swift in Sources */ = {isa = PBXBuildFile; fileRef = 220FE6DB1FBB9AD7006C257E /* NumPadCalculator.swift */; };
		2229C0851F744D820083C215 /* ViewRequestTableViewController.swift in Sources */ = {isa = PBXBuildFile; fileRef = 2229C0831F744D820083C215 /* ViewRequestTableViewController.swift */; };
		2229C0861F744D820083C215 /* ViewRequestTableViewCell.swift in Sources */ = {isa = PBXBuildFile; fileRef = 2229C0841F744D820083C215 /* ViewRequestTableViewCell.swift */; };
		2229C08B1F744D9E0083C215 /* RequestTableViewController.swift in Sources */ = {isa = PBXBuildFile; fileRef = 2229C0881F744D9E0083C215 /* RequestTableViewController.swift */; };
		2229C08C1F744D9E0083C215 /* CustomRequestViewController.swift in Sources */ = {isa = PBXBuildFile; fileRef = 2229C0891F744D9E0083C215 /* CustomRequestViewController.swift */; };
		2229C08D1F744D9E0083C215 /* RequestCategoryTableViewCell.swift in Sources */ = {isa = PBXBuildFile; fileRef = 2229C08A1F744D9E0083C215 /* RequestCategoryTableViewCell.swift */; };
		22302AFF1F7B376A0046E757 /* CircleMemberTableViewCell.swift in Sources */ = {isa = PBXBuildFile; fileRef = 22302AFD1F7B376A0046E757 /* CircleMemberTableViewCell.swift */; };
		22302B001F7B376A0046E757 /* CircleMemberTableViewController.swift in Sources */ = {isa = PBXBuildFile; fileRef = 22302AFE1F7B376A0046E757 /* CircleMemberTableViewController.swift */; };
		22302B041F7B37790046E757 /* CircleController.swift in Sources */ = {isa = PBXBuildFile; fileRef = 22302B011F7B37790046E757 /* CircleController.swift */; };
		22302B051F7B37790046E757 /* CircleTableViewController.swift in Sources */ = {isa = PBXBuildFile; fileRef = 22302B021F7B37790046E757 /* CircleTableViewController.swift */; };
		22302B061F7B37790046E757 /* CircleTableViewCell.swift in Sources */ = {isa = PBXBuildFile; fileRef = 22302B031F7B37790046E757 /* CircleTableViewCell.swift */; };
		223BE9B81F90062000C6A8F7 /* User.swift in Sources */ = {isa = PBXBuildFile; fileRef = 223BE9B71F90062000C6A8F7 /* User.swift */; };
		224158CA2027BE3F00C8DE2F /* UserProfileViewController.swift in Sources */ = {isa = PBXBuildFile; fileRef = 224158C92027BE3F00C8DE2F /* UserProfileViewController.swift */; };
		2261433D1F72E5FB00711DEF /* AppDelegate.swift in Sources */ = {isa = PBXBuildFile; fileRef = 226143391F72E5FA00711DEF /* AppDelegate.swift */; };
		226270DC1FB5369100690600 /* RoundedButtonController.swift in Sources */ = {isa = PBXBuildFile; fileRef = 226270DB1FB5369100690600 /* RoundedButtonController.swift */; };
		226270DF1FB5412700690600 /* Assets.xcassets in Resources */ = {isa = PBXBuildFile; fileRef = 0F22E1B51E8407D1004B722A /* Assets.xcassets */; };
		227330A21FBBA88E002D4026 /* NumPadCalculator.swift in Sources */ = {isa = PBXBuildFile; fileRef = 220FE6DB1FBB9AD7006C257E /* NumPadCalculator.swift */; };
		227330A31FBBA894002D4026 /* CostCalculator.xib in Resources */ = {isa = PBXBuildFile; fileRef = 2287A3471FB508410035C685 /* CostCalculator.xib */; };
		227330A41FBBC0C6002D4026 /* RoundedButtonController.swift in Sources */ = {isa = PBXBuildFile; fileRef = 226270DB1FB5369100690600 /* RoundedButtonController.swift */; };
		2277E0671F744B5F00AC53CB /* Circle.swift in Sources */ = {isa = PBXBuildFile; fileRef = 2277E0641F744B5F00AC53CB /* Circle.swift */; };
		2277E0681F744B5F00AC53CB /* Order.swift in Sources */ = {isa = PBXBuildFile; fileRef = 2277E0651F744B5F00AC53CB /* Order.swift */; };
		2277E06D1F744BA400AC53CB /* Image.swift in Sources */ = {isa = PBXBuildFile; fileRef = 2277E06B1F744BA400AC53CB /* Image.swift */; };
		2277E06E1F744BA400AC53CB /* Color.swift in Sources */ = {isa = PBXBuildFile; fileRef = 2277E06C1F744BA400AC53CB /* Color.swift */; };
		2277E0761F744C6300AC53CB /* ViewController.swift in Sources */ = {isa = PBXBuildFile; fileRef = 2277E0751F744C6300AC53CB /* ViewController.swift */; };
		2277E0791F744C7800AC53CB /* LoginController.swift in Sources */ = {isa = PBXBuildFile; fileRef = 2277E0771F744C7800AC53CB /* LoginController.swift */; };
		2277E07A1F744C7800AC53CB /* RegisterController.swift in Sources */ = {isa = PBXBuildFile; fileRef = 2277E0781F744C7800AC53CB /* RegisterController.swift */; };
		227BBC9E2018DC80005314DF /* CircleJoinViewController.swift in Sources */ = {isa = PBXBuildFile; fileRef = 227BBC9D2018DC80005314DF /* CircleJoinViewController.swift */; };
		2287A3421FB507ED0035C685 /* CostCalculator.appex in Embed App Extensions */ = {isa = PBXBuildFile; fileRef = 2287A33B1FB507ED0035C685 /* CostCalculator.appex */; settings = {ATTRIBUTES = (RemoveHeadersOnCopy, ); }; };
		2287A3481FB508410035C685 /* CostCalculator.xib in Resources */ = {isa = PBXBuildFile; fileRef = 2287A3471FB508410035C685 /* CostCalculator.xib */; };
		22A139151FA6A60A00B21CD2 /* Double.swift in Sources */ = {isa = PBXBuildFile; fileRef = 22A139141FA6A60A00B21CD2 /* Double.swift */; };
		22ABA8691FABAB370043AB4E /* CircleCreateViewController.swift in Sources */ = {isa = PBXBuildFile; fileRef = 22ABA8681FABAB370043AB4E /* CircleCreateViewController.swift */; };
		22B9167D1F7B367D002FCDD6 /* NotificationTableViewCell.swift in Sources */ = {isa = PBXBuildFile; fileRef = 22B9167C1F7B367D002FCDD6 /* NotificationTableViewCell.swift */; };
		22B9167F1F7B3690002FCDD6 /* NotificationTableViewController.swift in Sources */ = {isa = PBXBuildFile; fileRef = 22B9167E1F7B3690002FCDD6 /* NotificationTableViewController.swift */; };
		22D31D8B1FB2B28400014892 /* DirectTransferViewController.swift in Sources */ = {isa = PBXBuildFile; fileRef = 22D31D8A1FB2B28400014892 /* DirectTransferViewController.swift */; };
		22D31D8D1FB2B3A600014892 /* DirectTransfer.swift in Sources */ = {isa = PBXBuildFile; fileRef = 22D31D8C1FB2B3A600014892 /* DirectTransfer.swift */; };
		9953D19A5A0FD783C9755C42 /* Pods_Karma.framework in Frameworks */ = {isa = PBXBuildFile; fileRef = 2331B61BD2F688D3EBA7BE41 /* Pods_Karma.framework */; };
/* End PBXBuildFile section */

/* Begin PBXContainerItemProxy section */
		2287A3401FB507ED0035C685 /* PBXContainerItemProxy */ = {
			isa = PBXContainerItemProxy;
			containerPortal = 0F22E1A31E8407D1004B722A /* Project object */;
			proxyType = 1;
			remoteGlobalIDString = 2287A33A1FB507ED0035C685;
			remoteInfo = CostCalculator;
		};
/* End PBXContainerItemProxy section */

/* Begin PBXCopyFilesBuildPhase section */
		2287A3461FB507ED0035C685 /* Embed App Extensions */ = {
			isa = PBXCopyFilesBuildPhase;
			buildActionMask = 2147483647;
			dstPath = "";
			dstSubfolderSpec = 13;
			files = (
				2287A3421FB507ED0035C685 /* CostCalculator.appex in Embed App Extensions */,
			);
			name = "Embed App Extensions";
			runOnlyForDeploymentPostprocessing = 0;
		};
/* End PBXCopyFilesBuildPhase section */

/* Begin PBXFileReference section */
		05D99E2CD8E1D330A6C94F72 /* Pods-Karma.debug.xcconfig */ = {isa = PBXFileReference; includeInIndex = 1; lastKnownFileType = text.xcconfig; name = "Pods-Karma.debug.xcconfig"; path = "Pods/Target Support Files/Pods-Karma/Pods-Karma.debug.xcconfig"; sourceTree = "<group>"; };
		0F22E1AB1E8407D1004B722A /* Karma.app */ = {isa = PBXFileReference; explicitFileType = wrapper.application; includeInIndex = 0; path = Karma.app; sourceTree = BUILT_PRODUCTS_DIR; };
		0F22E1B31E8407D1004B722A /* Base */ = {isa = PBXFileReference; lastKnownFileType = file.storyboard; name = Base; path = Base.lproj/Main.storyboard; sourceTree = "<group>"; };
		0F22E1B51E8407D1004B722A /* Assets.xcassets */ = {isa = PBXFileReference; lastKnownFileType = folder.assetcatalog; path = Assets.xcassets; sourceTree = "<group>"; };
		0F22E1B81E8407D1004B722A /* Base */ = {isa = PBXFileReference; lastKnownFileType = file.storyboard; name = Base; path = Base.lproj/LaunchScreen.storyboard; sourceTree = "<group>"; };
		0F22E1BA1E8407D1004B722A /* Info.plist */ = {isa = PBXFileReference; lastKnownFileType = text.plist.xml; path = Info.plist; sourceTree = "<group>"; };
		220FE6DB1FBB9AD7006C257E /* NumPadCalculator.swift */ = {isa = PBXFileReference; lastKnownFileType = sourcecode.swift; path = NumPadCalculator.swift; sourceTree = "<group>"; };
		2229C0831F744D820083C215 /* ViewRequestTableViewController.swift */ = {isa = PBXFileReference; fileEncoding = 4; lastKnownFileType = sourcecode.swift; path = ViewRequestTableViewController.swift; sourceTree = "<group>"; };
		2229C0841F744D820083C215 /* ViewRequestTableViewCell.swift */ = {isa = PBXFileReference; fileEncoding = 4; lastKnownFileType = sourcecode.swift; path = ViewRequestTableViewCell.swift; sourceTree = "<group>"; };
		2229C0881F744D9E0083C215 /* RequestTableViewController.swift */ = {isa = PBXFileReference; fileEncoding = 4; lastKnownFileType = sourcecode.swift; path = RequestTableViewController.swift; sourceTree = "<group>"; };
		2229C0891F744D9E0083C215 /* CustomRequestViewController.swift */ = {isa = PBXFileReference; fileEncoding = 4; lastKnownFileType = sourcecode.swift; path = CustomRequestViewController.swift; sourceTree = "<group>"; };
		2229C08A1F744D9E0083C215 /* RequestCategoryTableViewCell.swift */ = {isa = PBXFileReference; fileEncoding = 4; lastKnownFileType = sourcecode.swift; path = RequestCategoryTableViewCell.swift; sourceTree = "<group>"; };
		22302AFD1F7B376A0046E757 /* CircleMemberTableViewCell.swift */ = {isa = PBXFileReference; fileEncoding = 4; lastKnownFileType = sourcecode.swift; name = CircleMemberTableViewCell.swift; path = Karma/Controllers/Circle/Members/CircleMemberTableViewCell.swift; sourceTree = SOURCE_ROOT; };
		22302AFE1F7B376A0046E757 /* CircleMemberTableViewController.swift */ = {isa = PBXFileReference; fileEncoding = 4; lastKnownFileType = sourcecode.swift; name = CircleMemberTableViewController.swift; path = Karma/Controllers/Circle/Members/CircleMemberTableViewController.swift; sourceTree = SOURCE_ROOT; };
		22302B011F7B37790046E757 /* CircleController.swift */ = {isa = PBXFileReference; fileEncoding = 4; lastKnownFileType = sourcecode.swift; name = CircleController.swift; path = Karma/Controllers/Circle/CircleController.swift; sourceTree = SOURCE_ROOT; };
		22302B021F7B37790046E757 /* CircleTableViewController.swift */ = {isa = PBXFileReference; fileEncoding = 4; lastKnownFileType = sourcecode.swift; name = CircleTableViewController.swift; path = Karma/Controllers/Circle/Deprecated/CircleTableViewController.swift; sourceTree = SOURCE_ROOT; };
		22302B031F7B37790046E757 /* CircleTableViewCell.swift */ = {isa = PBXFileReference; fileEncoding = 4; lastKnownFileType = sourcecode.swift; name = CircleTableViewCell.swift; path = Karma/Controllers/Circle/Deprecated/CircleTableViewCell.swift; sourceTree = SOURCE_ROOT; };
		223BE9B71F90062000C6A8F7 /* User.swift */ = {isa = PBXFileReference; lastKnownFileType = sourcecode.swift; path = User.swift; sourceTree = "<group>"; };
		224158C92027BE3F00C8DE2F /* UserProfileViewController.swift */ = {isa = PBXFileReference; lastKnownFileType = sourcecode.swift; path = UserProfileViewController.swift; sourceTree = "<group>"; };
		226143391F72E5FA00711DEF /* AppDelegate.swift */ = {isa = PBXFileReference; lastKnownFileType = sourcecode.swift; path = AppDelegate.swift; sourceTree = "<group>"; };
		226270DB1FB5369100690600 /* RoundedButtonController.swift */ = {isa = PBXFileReference; lastKnownFileType = sourcecode.swift; path = RoundedButtonController.swift; sourceTree = "<group>"; };
		226270DD1FB53E7E00690600 /* CostCalculator.entitlements */ = {isa = PBXFileReference; lastKnownFileType = text.plist.entitlements; path = CostCalculator.entitlements; sourceTree = "<group>"; };
		226270DE1FB53EC700690600 /* Karma.entitlements */ = {isa = PBXFileReference; lastKnownFileType = text.plist.entitlements; path = Karma.entitlements; sourceTree = "<group>"; };
		2277E0641F744B5F00AC53CB /* Circle.swift */ = {isa = PBXFileReference; fileEncoding = 4; lastKnownFileType = sourcecode.swift; path = Circle.swift; sourceTree = "<group>"; };
		2277E0651F744B5F00AC53CB /* Order.swift */ = {isa = PBXFileReference; fileEncoding = 4; lastKnownFileType = sourcecode.swift; path = Order.swift; sourceTree = "<group>"; };
		2277E06B1F744BA400AC53CB /* Image.swift */ = {isa = PBXFileReference; fileEncoding = 4; lastKnownFileType = sourcecode.swift; path = Image.swift; sourceTree = "<group>"; };
		2277E06C1F744BA400AC53CB /* Color.swift */ = {isa = PBXFileReference; fileEncoding = 4; lastKnownFileType = sourcecode.swift; path = Color.swift; sourceTree = "<group>"; };
		2277E0751F744C6300AC53CB /* ViewController.swift */ = {isa = PBXFileReference; fileEncoding = 4; lastKnownFileType = sourcecode.swift; path = ViewController.swift; sourceTree = "<group>"; };
		2277E0771F744C7800AC53CB /* LoginController.swift */ = {isa = PBXFileReference; fileEncoding = 4; lastKnownFileType = sourcecode.swift; path = LoginController.swift; sourceTree = "<group>"; };
		2277E0781F744C7800AC53CB /* RegisterController.swift */ = {isa = PBXFileReference; fileEncoding = 4; lastKnownFileType = sourcecode.swift; path = RegisterController.swift; sourceTree = "<group>"; };
		227BBC9D2018DC80005314DF /* CircleJoinViewController.swift */ = {isa = PBXFileReference; lastKnownFileType = sourcecode.swift; path = CircleJoinViewController.swift; sourceTree = "<group>"; };
		2287A33B1FB507ED0035C685 /* CostCalculator.appex */ = {isa = PBXFileReference; explicitFileType = "wrapper.app-extension"; includeInIndex = 0; path = CostCalculator.appex; sourceTree = BUILT_PRODUCTS_DIR; };
		2287A33F1FB507ED0035C685 /* Info.plist */ = {isa = PBXFileReference; lastKnownFileType = text.plist.xml; path = Info.plist; sourceTree = "<group>"; };
		2287A3471FB508410035C685 /* CostCalculator.xib */ = {isa = PBXFileReference; lastKnownFileType = file.xib; path = CostCalculator.xib; sourceTree = "<group>"; };
		22A139141FA6A60A00B21CD2 /* Double.swift */ = {isa = PBXFileReference; lastKnownFileType = sourcecode.swift; path = Double.swift; sourceTree = "<group>"; };
		22ABA8681FABAB370043AB4E /* CircleCreateViewController.swift */ = {isa = PBXFileReference; lastKnownFileType = sourcecode.swift; path = CircleCreateViewController.swift; sourceTree = "<group>"; };
		22B9167C1F7B367D002FCDD6 /* NotificationTableViewCell.swift */ = {isa = PBXFileReference; lastKnownFileType = sourcecode.swift; path = NotificationTableViewCell.swift; sourceTree = "<group>"; };
		22B9167E1F7B3690002FCDD6 /* NotificationTableViewController.swift */ = {isa = PBXFileReference; lastKnownFileType = sourcecode.swift; path = NotificationTableViewController.swift; sourceTree = "<group>"; };
		22D31D8A1FB2B28400014892 /* DirectTransferViewController.swift */ = {isa = PBXFileReference; lastKnownFileType = sourcecode.swift; path = DirectTransferViewController.swift; sourceTree = "<group>"; };
		22D31D8C1FB2B3A600014892 /* DirectTransfer.swift */ = {isa = PBXFileReference; lastKnownFileType = sourcecode.swift; path = DirectTransfer.swift; sourceTree = "<group>"; };
		2331B61BD2F688D3EBA7BE41 /* Pods_Karma.framework */ = {isa = PBXFileReference; explicitFileType = wrapper.framework; includeInIndex = 0; path = Pods_Karma.framework; sourceTree = BUILT_PRODUCTS_DIR; };
		ABEFA3D6DA2E1C5CD49339F5 /* Pods-Karma.release.xcconfig */ = {isa = PBXFileReference; includeInIndex = 1; lastKnownFileType = text.xcconfig; name = "Pods-Karma.release.xcconfig"; path = "Pods/Target Support Files/Pods-Karma/Pods-Karma.release.xcconfig"; sourceTree = "<group>"; };
/* End PBXFileReference section */

/* Begin PBXFrameworksBuildPhase section */
		0F22E1A81E8407D1004B722A /* Frameworks */ = {
			isa = PBXFrameworksBuildPhase;
			buildActionMask = 2147483647;
			files = (
				9953D19A5A0FD783C9755C42 /* Pods_Karma.framework in Frameworks */,
			);
			runOnlyForDeploymentPostprocessing = 0;
		};
		2287A3381FB507ED0035C685 /* Frameworks */ = {
			isa = PBXFrameworksBuildPhase;
			buildActionMask = 2147483647;
			files = (
			);
			runOnlyForDeploymentPostprocessing = 0;
		};
/* End PBXFrameworksBuildPhase section */

/* Begin PBXGroup section */
		0F22E1A21E8407D1004B722A = {
			isa = PBXGroup;
			children = (
				0F22E1AD1E8407D1004B722A /* Karma */,
				2287A33C1FB507ED0035C685 /* CostCalculator */,
				0F22E1AC1E8407D1004B722A /* Products */,
				EC93994028366C7236EAAAE4 /* Pods */,
				5A8163A77E6F62574C4A1FC1 /* Frameworks */,
			);
			sourceTree = "<group>";
		};
		0F22E1AC1E8407D1004B722A /* Products */ = {
			isa = PBXGroup;
			children = (
				0F22E1AB1E8407D1004B722A /* Karma.app */,
				2287A33B1FB507ED0035C685 /* CostCalculator.appex */,
			);
			name = Products;
			sourceTree = "<group>";
		};
		0F22E1AD1E8407D1004B722A /* Karma */ = {
			isa = PBXGroup;
			children = (
				226270DE1FB53EC700690600 /* Karma.entitlements */,
				0F22E1B21E8407D1004B722A /* Main.storyboard */,
				0F22E1B71E8407D1004B722A /* LaunchScreen.storyboard */,
				226143391F72E5FA00711DEF /* AppDelegate.swift */,
				2277E05D1F744AEE00AC53CB /* Models */,
				2277E06A1F744B7000AC53CB /* Extensions */,
				2277E0711F744C0800AC53CB /* Controllers */,
				0F22E1B51E8407D1004B722A /* Assets.xcassets */,
				0F22E1BA1E8407D1004B722A /* Info.plist */,
			);
			path = Karma;
			sourceTree = "<group>";
		};
		220E95472019306A00B8E2E5 /* Deprecated */ = {
			isa = PBXGroup;
			children = (
				22302B031F7B37790046E757 /* CircleTableViewCell.swift */,
				22302B021F7B37790046E757 /* CircleTableViewController.swift */,
			);
			path = Deprecated;
			sourceTree = "<group>";
		};
		2229C0821F744D6E0083C215 /* ViewRequest */ = {
			isa = PBXGroup;
			children = (
				2229C0841F744D820083C215 /* ViewRequestTableViewCell.swift */,
				2229C0831F744D820083C215 /* ViewRequestTableViewController.swift */,
			);
			path = ViewRequest;
			sourceTree = "<group>";
		};
		2229C0871F744D860083C215 /* AddRequest */ = {
			isa = PBXGroup;
			children = (
				2229C08A1F744D9E0083C215 /* RequestCategoryTableViewCell.swift */,
				2229C0881F744D9E0083C215 /* RequestTableViewController.swift */,
				2229C0891F744D9E0083C215 /* CustomRequestViewController.swift */,
			);
			path = AddRequest;
			sourceTree = "<group>";
		};
		22302AFB1F7B36EF0046E757 /* Circle */ = {
			isa = PBXGroup;
			children = (
				22302B011F7B37790046E757 /* CircleController.swift */,
				22ABA8681FABAB370043AB4E /* CircleCreateViewController.swift */,
				227BBC9D2018DC80005314DF /* CircleJoinViewController.swift */,
				220E95472019306A00B8E2E5 /* Deprecated */,
				22302AFC1F7B37210046E757 /* Members */,
			);
			path = Circle;
			sourceTree = "<group>";
		};
		22302AFC1F7B37210046E757 /* Members */ = {
			isa = PBXGroup;
			children = (
				22302AFD1F7B376A0046E757 /* CircleMemberTableViewCell.swift */,
				22302AFE1F7B376A0046E757 /* CircleMemberTableViewController.swift */,
				22D31D8A1FB2B28400014892 /* DirectTransferViewController.swift */,
			);
			path = Members;
			sourceTree = "<group>";
		};
		2277E05D1F744AEE00AC53CB /* Models */ = {
			isa = PBXGroup;
			children = (
				223BE9B71F90062000C6A8F7 /* User.swift */,
				2277E0641F744B5F00AC53CB /* Circle.swift */,
				2277E0651F744B5F00AC53CB /* Order.swift */,
				22D31D8C1FB2B3A600014892 /* DirectTransfer.swift */,
			);
			path = Models;
			sourceTree = "<group>";
		};
		2277E06A1F744B7000AC53CB /* Extensions */ = {
			isa = PBXGroup;
			children = (
				2277E06C1F744BA400AC53CB /* Color.swift */,
				2277E06B1F744BA400AC53CB /* Image.swift */,
				22A139141FA6A60A00B21CD2 /* Double.swift */,
			);
			path = Extensions;
			sourceTree = "<group>";
		};
		2277E0711F744C0800AC53CB /* Controllers */ = {
			isa = PBXGroup;
			children = (
				2277E0751F744C6300AC53CB /* ViewController.swift */,
				2277E0721F744C2B00AC53CB /* User */,
				22302AFB1F7B36EF0046E757 /* Circle */,
				2277E0741F744C3800AC53CB /* Order */,
			);
			path = Controllers;
			sourceTree = "<group>";
		};
		2277E0721F744C2B00AC53CB /* User */ = {
			isa = PBXGroup;
			children = (
				2277E0771F744C7800AC53CB /* LoginController.swift */,
				2277E0781F744C7800AC53CB /* RegisterController.swift */,
				224158C92027BE3F00C8DE2F /* UserProfileViewController.swift */,
			);
			path = User;
			sourceTree = "<group>";
		};
		2277E0741F744C3800AC53CB /* Order */ = {
			isa = PBXGroup;
			children = (
				228CA9541F7B34180039B250 /* Notification */,
				2229C0821F744D6E0083C215 /* ViewRequest */,
				2229C0871F744D860083C215 /* AddRequest */,
			);
			path = Order;
			sourceTree = "<group>";
		};
		2287A33C1FB507ED0035C685 /* CostCalculator */ = {
			isa = PBXGroup;
			children = (
				2287A3471FB508410035C685 /* CostCalculator.xib */,
				226270DB1FB5369100690600 /* RoundedButtonController.swift */,
				220FE6DB1FBB9AD7006C257E /* NumPadCalculator.swift */,
				226270DD1FB53E7E00690600 /* CostCalculator.entitlements */,
				2287A33F1FB507ED0035C685 /* Info.plist */,
			);
			path = CostCalculator;
			sourceTree = "<group>";
		};
		228CA9541F7B34180039B250 /* Notification */ = {
			isa = PBXGroup;
			children = (
				22B9167C1F7B367D002FCDD6 /* NotificationTableViewCell.swift */,
				22B9167E1F7B3690002FCDD6 /* NotificationTableViewController.swift */,
			);
			path = Notification;
			sourceTree = "<group>";
		};
		5A8163A77E6F62574C4A1FC1 /* Frameworks */ = {
			isa = PBXGroup;
			children = (
				2331B61BD2F688D3EBA7BE41 /* Pods_Karma.framework */,
			);
			name = Frameworks;
			sourceTree = "<group>";
		};
		EC93994028366C7236EAAAE4 /* Pods */ = {
			isa = PBXGroup;
			children = (
				05D99E2CD8E1D330A6C94F72 /* Pods-Karma.debug.xcconfig */,
				ABEFA3D6DA2E1C5CD49339F5 /* Pods-Karma.release.xcconfig */,
			);
			name = Pods;
			sourceTree = "<group>";
		};
/* End PBXGroup section */

/* Begin PBXNativeTarget section */
		0F22E1AA1E8407D1004B722A /* Karma */ = {
			isa = PBXNativeTarget;
			buildConfigurationList = 0F22E1BD1E8407D1004B722A /* Build configuration list for PBXNativeTarget "Karma" */;
			buildPhases = (
				A4C8B9FB0B058D3FE9E956E8 /* [CP] Check Pods Manifest.lock */,
				0F22E1A71E8407D1004B722A /* Sources */,
				0F22E1A81E8407D1004B722A /* Frameworks */,
				0F22E1A91E8407D1004B722A /* Resources */,
				19CC24C0800A14715E8C1E8F /* [CP] Embed Pods Frameworks */,
				FD0E521EAECE7CD1705D52CE /* [CP] Copy Pods Resources */,
				2287A3461FB507ED0035C685 /* Embed App Extensions */,
			);
			buildRules = (
			);
			dependencies = (
				2287A3411FB507ED0035C685 /* PBXTargetDependency */,
			);
			name = Karma;
			productName = Karma;
			productReference = 0F22E1AB1E8407D1004B722A /* Karma.app */;
			productType = "com.apple.product-type.application";
		};
		2287A33A1FB507ED0035C685 /* CostCalculator */ = {
			isa = PBXNativeTarget;
			buildConfigurationList = 2287A3451FB507ED0035C685 /* Build configuration list for PBXNativeTarget "CostCalculator" */;
			buildPhases = (
				2287A3371FB507ED0035C685 /* Sources */,
				2287A3381FB507ED0035C685 /* Frameworks */,
				2287A3391FB507ED0035C685 /* Resources */,
			);
			buildRules = (
			);
			dependencies = (
			);
			name = CostCalculator;
			productName = CostCalculator;
			productReference = 2287A33B1FB507ED0035C685 /* CostCalculator.appex */;
			productType = "com.apple.product-type.app-extension";
		};
/* End PBXNativeTarget section */

/* Begin PBXProject section */
		0F22E1A31E8407D1004B722A /* Project object */ = {
			isa = PBXProject;
			attributes = {
				KnownAssetTags = (
					com.apple.gamecenter.Leaderboard,
				);
				LastSwiftUpdateCheck = 0900;
				LastUpgradeCheck = 0900;
				ORGANIZATIONNAME = "Olya Danylova";
				TargetAttributes = {
					0F22E1AA1E8407D1004B722A = {
						CreatedOnToolsVersion = 8.2.1;
						DevelopmentTeam = B4LQS9CJ47;
						LastSwiftMigration = 0900;
						ProvisioningStyle = Automatic;
						SystemCapabilities = {
							com.apple.ApplicationGroups.iOS = {
								enabled = 1;
							};
						};
					};
					2287A33A1FB507ED0035C685 = {
						CreatedOnToolsVersion = 9.0.1;
						DevelopmentTeam = B4LQS9CJ47;
						ProvisioningStyle = Automatic;
						SystemCapabilities = {
							com.apple.ApplicationGroups.iOS = {
								enabled = 1;
							};
						};
					};
				};
			};
			buildConfigurationList = 0F22E1A61E8407D1004B722A /* Build configuration list for PBXProject "Karma" */;
			compatibilityVersion = "Xcode 3.2";
			developmentRegion = English;
			hasScannedForEncodings = 0;
			knownRegions = (
				en,
				Base,
			);
			mainGroup = 0F22E1A21E8407D1004B722A;
			productRefGroup = 0F22E1AC1E8407D1004B722A /* Products */;
			projectDirPath = "";
			projectRoot = "";
			targets = (
				0F22E1AA1E8407D1004B722A /* Karma */,
				2287A33A1FB507ED0035C685 /* CostCalculator */,
			);
		};
/* End PBXProject section */

/* Begin PBXResourcesBuildPhase section */
		0F22E1A91E8407D1004B722A /* Resources */ = {
			isa = PBXResourcesBuildPhase;
			buildActionMask = 2147483647;
			files = (
				0F22E1B91E8407D1004B722A /* LaunchScreen.storyboard in Resources */,
				0F22E1B61E8407D1004B722A /* Assets.xcassets in Resources */,
				227330A31FBBA894002D4026 /* CostCalculator.xib in Resources */,
				0F22E1B41E8407D1004B722A /* Main.storyboard in Resources */,
			);
			runOnlyForDeploymentPostprocessing = 0;
		};
		2287A3391FB507ED0035C685 /* Resources */ = {
			isa = PBXResourcesBuildPhase;
			buildActionMask = 2147483647;
			files = (
				226270DF1FB5412700690600 /* Assets.xcassets in Resources */,
				2287A3481FB508410035C685 /* CostCalculator.xib in Resources */,
			);
			runOnlyForDeploymentPostprocessing = 0;
		};
/* End PBXResourcesBuildPhase section */

/* Begin PBXShellScriptBuildPhase section */
		19CC24C0800A14715E8C1E8F /* [CP] Embed Pods Frameworks */ = {
			isa = PBXShellScriptBuildPhase;
			buildActionMask = 2147483647;
			files = (
			);
			inputPaths = (
				"${SRCROOT}/Pods/Target Support Files/Pods-Karma/Pods-Karma-frameworks.sh",
				"${BUILT_PRODUCTS_DIR}/Kingfisher/Kingfisher.framework",
			);
			name = "[CP] Embed Pods Frameworks";
			outputPaths = (
				"${TARGET_BUILD_DIR}/${FRAMEWORKS_FOLDER_PATH}/Kingfisher.framework",
			);
			runOnlyForDeploymentPostprocessing = 0;
			shellPath = /bin/sh;
			shellScript = "\"${SRCROOT}/Pods/Target Support Files/Pods-Karma/Pods-Karma-frameworks.sh\"\n";
			showEnvVarsInLog = 0;
		};
		A4C8B9FB0B058D3FE9E956E8 /* [CP] Check Pods Manifest.lock */ = {
			isa = PBXShellScriptBuildPhase;
			buildActionMask = 2147483647;
			files = (
			);
			inputPaths = (
				"${PODS_PODFILE_DIR_PATH}/Podfile.lock",
				"${PODS_ROOT}/Manifest.lock",
			);
			name = "[CP] Check Pods Manifest.lock";
			outputPaths = (
				"$(DERIVED_FILE_DIR)/Pods-Karma-checkManifestLockResult.txt",
			);
			runOnlyForDeploymentPostprocessing = 0;
			shellPath = /bin/sh;
			shellScript = "diff \"${PODS_PODFILE_DIR_PATH}/Podfile.lock\" \"${PODS_ROOT}/Manifest.lock\" > /dev/null\nif [ $? != 0 ] ; then\n    # print error to STDERR\n    echo \"error: The sandbox is not in sync with the Podfile.lock. Run 'pod install' or update your CocoaPods installation.\" >&2\n    exit 1\nfi\n# This output is used by Xcode 'outputs' to avoid re-running this script phase.\necho \"SUCCESS\" > \"${SCRIPT_OUTPUT_FILE_0}\"\n";
			showEnvVarsInLog = 0;
		};
		FD0E521EAECE7CD1705D52CE /* [CP] Copy Pods Resources */ = {
			isa = PBXShellScriptBuildPhase;
			buildActionMask = 2147483647;
			files = (
			);
			inputPaths = (
				"${SRCROOT}/Pods/Target Support Files/Pods-Karma/Pods-Karma-resources.sh",
				"${PODS_ROOT}/VENCalculatorInputView/VENCalculatorInputView/Images/VENCalculatorIconBackspace.png",
				"${PODS_ROOT}/VENCalculatorInputView/VENCalculatorInputView/Images/VENCalculatorIconBackspace@2x.png",
				"${PODS_ROOT}/VENCalculatorInputView/VENCalculatorInputView/VENCalculatorInputView.xib",
			);
			name = "[CP] Copy Pods Resources";
			outputPaths = (
				"${TARGET_BUILD_DIR}/${UNLOCALIZED_RESOURCES_FOLDER_PATH}",
			);
			runOnlyForDeploymentPostprocessing = 0;
			shellPath = /bin/sh;
			shellScript = "\"${SRCROOT}/Pods/Target Support Files/Pods-Karma/Pods-Karma-resources.sh\"\n";
			showEnvVarsInLog = 0;
		};
/* End PBXShellScriptBuildPhase section */

/* Begin PBXSourcesBuildPhase section */
		0F22E1A71E8407D1004B722A /* Sources */ = {
			isa = PBXSourcesBuildPhase;
			buildActionMask = 2147483647;
			files = (
				22ABA8691FABAB370043AB4E /* CircleCreateViewController.swift in Sources */,
				227330A41FBBC0C6002D4026 /* RoundedButtonController.swift in Sources */,
				223BE9B81F90062000C6A8F7 /* User.swift in Sources */,
				22B9167F1F7B3690002FCDD6 /* NotificationTableViewController.swift in Sources */,
				22302AFF1F7B376A0046E757 /* CircleMemberTableViewCell.swift in Sources */,
				2229C0861F744D820083C215 /* ViewRequestTableViewCell.swift in Sources */,
				227330A21FBBA88E002D4026 /* NumPadCalculator.swift in Sources */,
				22302B041F7B37790046E757 /* CircleController.swift in Sources */,
				2229C0851F744D820083C215 /* ViewRequestTableViewController.swift in Sources */,
				2277E06E1F744BA400AC53CB /* Color.swift in Sources */,
				224158CA2027BE3F00C8DE2F /* UserProfileViewController.swift in Sources */,
				227BBC9E2018DC80005314DF /* CircleJoinViewController.swift in Sources */,
				2229C08B1F744D9E0083C215 /* RequestTableViewController.swift in Sources */,
				2277E06D1F744BA400AC53CB /* Image.swift in Sources */,
				2229C08D1F744D9E0083C215 /* RequestCategoryTableViewCell.swift in Sources */,
				2277E0681F744B5F00AC53CB /* Order.swift in Sources */,
				22A139151FA6A60A00B21CD2 /* Double.swift in Sources */,
				22D31D8D1FB2B3A600014892 /* DirectTransfer.swift in Sources */,
				22302B051F7B37790046E757 /* CircleTableViewController.swift in Sources */,
				2277E0761F744C6300AC53CB /* ViewController.swift in Sources */,
				22B9167D1F7B367D002FCDD6 /* NotificationTableViewCell.swift in Sources */,
				2277E0791F744C7800AC53CB /* LoginController.swift in Sources */,
				2261433D1F72E5FB00711DEF /* AppDelegate.swift in Sources */,
				22302B061F7B37790046E757 /* CircleTableViewCell.swift in Sources */,
				2229C08C1F744D9E0083C215 /* CustomRequestViewController.swift in Sources */,
				2277E0671F744B5F00AC53CB /* Circle.swift in Sources */,
				22D31D8B1FB2B28400014892 /* DirectTransferViewController.swift in Sources */,
				2277E07A1F744C7800AC53CB /* RegisterController.swift in Sources */,
				22302B001F7B376A0046E757 /* CircleMemberTableViewController.swift in Sources */,
			);
			runOnlyForDeploymentPostprocessing = 0;
		};
		2287A3371FB507ED0035C685 /* Sources */ = {
			isa = PBXSourcesBuildPhase;
			buildActionMask = 2147483647;
			files = (
				226270DC1FB5369100690600 /* RoundedButtonController.swift in Sources */,
				220FE6DC1FBB9AD7006C257E /* NumPadCalculator.swift in Sources */,
			);
			runOnlyForDeploymentPostprocessing = 0;
		};
/* End PBXSourcesBuildPhase section */

/* Begin PBXTargetDependency section */
		2287A3411FB507ED0035C685 /* PBXTargetDependency */ = {
			isa = PBXTargetDependency;
			target = 2287A33A1FB507ED0035C685 /* CostCalculator */;
			targetProxy = 2287A3401FB507ED0035C685 /* PBXContainerItemProxy */;
		};
/* End PBXTargetDependency section */

/* Begin PBXVariantGroup section */
		0F22E1B21E8407D1004B722A /* Main.storyboard */ = {
			isa = PBXVariantGroup;
			children = (
				0F22E1B31E8407D1004B722A /* Base */,
			);
			name = Main.storyboard;
			sourceTree = "<group>";
		};
		0F22E1B71E8407D1004B722A /* LaunchScreen.storyboard */ = {
			isa = PBXVariantGroup;
			children = (
				0F22E1B81E8407D1004B722A /* Base */,
			);
			name = LaunchScreen.storyboard;
			sourceTree = "<group>";
		};
/* End PBXVariantGroup section */

/* Begin XCBuildConfiguration section */
		0F22E1BB1E8407D1004B722A /* Debug */ = {
			isa = XCBuildConfiguration;
			buildSettings = {
				ALWAYS_SEARCH_USER_PATHS = NO;
				CLANG_ANALYZER_NONNULL = YES;
				CLANG_CXX_LANGUAGE_STANDARD = "gnu++0x";
				CLANG_CXX_LIBRARY = "libc++";
				CLANG_ENABLE_MODULES = YES;
				CLANG_ENABLE_OBJC_ARC = YES;
				CLANG_WARN_BLOCK_CAPTURE_AUTORELEASING = YES;
				CLANG_WARN_BOOL_CONVERSION = YES;
				CLANG_WARN_COMMA = YES;
				CLANG_WARN_CONSTANT_CONVERSION = YES;
				CLANG_WARN_DIRECT_OBJC_ISA_USAGE = YES_ERROR;
				CLANG_WARN_DOCUMENTATION_COMMENTS = YES;
				CLANG_WARN_EMPTY_BODY = YES;
				CLANG_WARN_ENUM_CONVERSION = YES;
				CLANG_WARN_INFINITE_RECURSION = YES;
				CLANG_WARN_INT_CONVERSION = YES;
				CLANG_WARN_NON_LITERAL_NULL_CONVERSION = YES;
				CLANG_WARN_OBJC_LITERAL_CONVERSION = YES;
				CLANG_WARN_OBJC_ROOT_CLASS = YES_ERROR;
				CLANG_WARN_RANGE_LOOP_ANALYSIS = YES;
				CLANG_WARN_STRICT_PROTOTYPES = YES;
				CLANG_WARN_SUSPICIOUS_MOVE = YES;
				CLANG_WARN_UNREACHABLE_CODE = YES;
				CLANG_WARN__DUPLICATE_METHOD_MATCH = YES;
				"CODE_SIGN_IDENTITY[sdk=iphoneos*]" = "iPhone Developer";
				COPY_PHASE_STRIP = NO;
				DEBUG_INFORMATION_FORMAT = dwarf;
				ENABLE_STRICT_OBJC_MSGSEND = YES;
				ENABLE_TESTABILITY = YES;
				GCC_C_LANGUAGE_STANDARD = gnu99;
				GCC_DYNAMIC_NO_PIC = NO;
				GCC_NO_COMMON_BLOCKS = YES;
				GCC_OPTIMIZATION_LEVEL = 0;
				GCC_PREPROCESSOR_DEFINITIONS = (
					"DEBUG=1",
					"$(inherited)",
				);
				GCC_WARN_64_TO_32_BIT_CONVERSION = YES;
				GCC_WARN_ABOUT_RETURN_TYPE = YES_ERROR;
				GCC_WARN_UNDECLARED_SELECTOR = YES;
				GCC_WARN_UNINITIALIZED_AUTOS = YES_AGGRESSIVE;
				GCC_WARN_UNUSED_FUNCTION = YES;
				GCC_WARN_UNUSED_VARIABLE = YES;
				IPHONEOS_DEPLOYMENT_TARGET = 8.0;
				MTL_ENABLE_DEBUG_INFO = YES;
				ONLY_ACTIVE_ARCH = YES;
				SDKROOT = iphoneos;
				SWIFT_ACTIVE_COMPILATION_CONDITIONS = DEBUG;
				SWIFT_OPTIMIZATION_LEVEL = "-Onone";
			};
			name = Debug;
		};
		0F22E1BC1E8407D1004B722A /* Release */ = {
			isa = XCBuildConfiguration;
			buildSettings = {
				ALWAYS_SEARCH_USER_PATHS = NO;
				CLANG_ANALYZER_NONNULL = YES;
				CLANG_CXX_LANGUAGE_STANDARD = "gnu++0x";
				CLANG_CXX_LIBRARY = "libc++";
				CLANG_ENABLE_MODULES = YES;
				CLANG_ENABLE_OBJC_ARC = YES;
				CLANG_WARN_BLOCK_CAPTURE_AUTORELEASING = YES;
				CLANG_WARN_BOOL_CONVERSION = YES;
				CLANG_WARN_COMMA = YES;
				CLANG_WARN_CONSTANT_CONVERSION = YES;
				CLANG_WARN_DIRECT_OBJC_ISA_USAGE = YES_ERROR;
				CLANG_WARN_DOCUMENTATION_COMMENTS = YES;
				CLANG_WARN_EMPTY_BODY = YES;
				CLANG_WARN_ENUM_CONVERSION = YES;
				CLANG_WARN_INFINITE_RECURSION = YES;
				CLANG_WARN_INT_CONVERSION = YES;
				CLANG_WARN_NON_LITERAL_NULL_CONVERSION = YES;
				CLANG_WARN_OBJC_LITERAL_CONVERSION = YES;
				CLANG_WARN_OBJC_ROOT_CLASS = YES_ERROR;
				CLANG_WARN_RANGE_LOOP_ANALYSIS = YES;
				CLANG_WARN_STRICT_PROTOTYPES = YES;
				CLANG_WARN_SUSPICIOUS_MOVE = YES;
				CLANG_WARN_UNREACHABLE_CODE = YES;
				CLANG_WARN__DUPLICATE_METHOD_MATCH = YES;
				"CODE_SIGN_IDENTITY[sdk=iphoneos*]" = "iPhone Developer";
				COPY_PHASE_STRIP = NO;
				DEBUG_INFORMATION_FORMAT = "dwarf-with-dsym";
				ENABLE_NS_ASSERTIONS = NO;
				ENABLE_STRICT_OBJC_MSGSEND = YES;
				GCC_C_LANGUAGE_STANDARD = gnu99;
				GCC_NO_COMMON_BLOCKS = YES;
				GCC_WARN_64_TO_32_BIT_CONVERSION = YES;
				GCC_WARN_ABOUT_RETURN_TYPE = YES_ERROR;
				GCC_WARN_UNDECLARED_SELECTOR = YES;
				GCC_WARN_UNINITIALIZED_AUTOS = YES_AGGRESSIVE;
				GCC_WARN_UNUSED_FUNCTION = YES;
				GCC_WARN_UNUSED_VARIABLE = YES;
				IPHONEOS_DEPLOYMENT_TARGET = 8.0;
				MTL_ENABLE_DEBUG_INFO = NO;
				SDKROOT = iphoneos;
				SWIFT_OPTIMIZATION_LEVEL = "-Owholemodule";
				VALIDATE_PRODUCT = YES;
			};
			name = Release;
		};
		0F22E1BE1E8407D1004B722A /* Debug */ = {
			isa = XCBuildConfiguration;
			baseConfigurationReference = 05D99E2CD8E1D330A6C94F72 /* Pods-Karma.debug.xcconfig */;
			buildSettings = {
				ALWAYS_EMBED_SWIFT_STANDARD_LIBRARIES = YES;
				ASSETCATALOG_COMPILER_APPICON_NAME = AppIcon;
				CODE_SIGN_ENTITLEMENTS = Karma/Karma.entitlements;
				CODE_SIGN_IDENTITY = "iPhone Developer";
				DEVELOPMENT_TEAM = B4LQS9CJ47;
				INFOPLIST_FILE = Karma/Info.plist;
				LD_RUNPATH_SEARCH_PATHS = "$(inherited) @executable_path/Frameworks";
				PRODUCT_BUNDLE_IDENTIFIER = com.test.Karma;
				PRODUCT_NAME = "$(TARGET_NAME)";
				SWIFT_OBJC_BRIDGING_HEADER = "Pods/Backendless/SDK/ios/backendless/include/Backendless-Bridging-Header.h";
				SWIFT_SWIFT3_OBJC_INFERENCE = Default;
				SWIFT_VERSION = 4.0;
			};
			name = Debug;
		};
		0F22E1BF1E8407D1004B722A /* Release */ = {
			isa = XCBuildConfiguration;
			baseConfigurationReference = ABEFA3D6DA2E1C5CD49339F5 /* Pods-Karma.release.xcconfig */;
			buildSettings = {
				ALWAYS_EMBED_SWIFT_STANDARD_LIBRARIES = YES;
				ASSETCATALOG_COMPILER_APPICON_NAME = AppIcon;
				CODE_SIGN_ENTITLEMENTS = Karma/Karma.entitlements;
				CODE_SIGN_IDENTITY = "iPhone Developer";
				DEVELOPMENT_TEAM = B4LQS9CJ47;
				INFOPLIST_FILE = Karma/Info.plist;
				LD_RUNPATH_SEARCH_PATHS = "$(inherited) @executable_path/Frameworks";
				PRODUCT_BUNDLE_IDENTIFIER = com.test.Karma;
				PRODUCT_NAME = "$(TARGET_NAME)";
				SWIFT_OBJC_BRIDGING_HEADER = "Pods/Backendless/SDK/ios/backendless/include/Backendless-Bridging-Header.h";
				SWIFT_SWIFT3_OBJC_INFERENCE = Default;
				SWIFT_VERSION = 4.0;
			};
			name = Release;
		};
		2287A3431FB507ED0035C685 /* Debug */ = {
			isa = XCBuildConfiguration;
			buildSettings = {
				CLANG_ANALYZER_NUMBER_OBJECT_CONVERSION = YES_AGGRESSIVE;
				CLANG_CXX_LANGUAGE_STANDARD = "gnu++14";
				CLANG_WARN_UNGUARDED_AVAILABILITY = YES_AGGRESSIVE;
				CODE_SIGN_ENTITLEMENTS = CostCalculator/CostCalculator.entitlements;
				CODE_SIGN_IDENTITY = "iPhone Developer";
				CODE_SIGN_STYLE = Automatic;
				DEVELOPMENT_TEAM = B4LQS9CJ47;
				GCC_C_LANGUAGE_STANDARD = gnu11;
				INFOPLIST_FILE = CostCalculator/Info.plist;
				IPHONEOS_DEPLOYMENT_TARGET = 11.0;
				LD_RUNPATH_SEARCH_PATHS = "$(inherited) @executable_path/Frameworks @executable_path/../../Frameworks";
				PRODUCT_BUNDLE_IDENTIFIER = com.test.Karma.CostCalculator;
				PRODUCT_NAME = "$(TARGET_NAME)";
				SKIP_INSTALL = YES;
				SWIFT_VERSION = 4.0;
				TARGETED_DEVICE_FAMILY = "1,2";
			};
			name = Debug;
		};
		2287A3441FB507ED0035C685 /* Release */ = {
			isa = XCBuildConfiguration;
			buildSettings = {
				CLANG_ANALYZER_NUMBER_OBJECT_CONVERSION = YES_AGGRESSIVE;
				CLANG_CXX_LANGUAGE_STANDARD = "gnu++14";
				CLANG_WARN_UNGUARDED_AVAILABILITY = YES_AGGRESSIVE;
				CODE_SIGN_ENTITLEMENTS = CostCalculator/CostCalculator.entitlements;
				CODE_SIGN_IDENTITY = "iPhone Developer";
				CODE_SIGN_STYLE = Automatic;
				DEVELOPMENT_TEAM = B4LQS9CJ47;
				GCC_C_LANGUAGE_STANDARD = gnu11;
				INFOPLIST_FILE = CostCalculator/Info.plist;
				IPHONEOS_DEPLOYMENT_TARGET = 11.0;
				LD_RUNPATH_SEARCH_PATHS = "$(inherited) @executable_path/Frameworks @executable_path/../../Frameworks";
				PRODUCT_BUNDLE_IDENTIFIER = com.test.Karma.CostCalculator;
				PRODUCT_NAME = "$(TARGET_NAME)";
				SKIP_INSTALL = YES;
				SWIFT_VERSION = 4.0;
				TARGETED_DEVICE_FAMILY = "1,2";
			};
			name = Release;
		};
/* End XCBuildConfiguration section */

/* Begin XCConfigurationList section */
		0F22E1A61E8407D1004B722A /* Build configuration list for PBXProject "Karma" */ = {
			isa = XCConfigurationList;
			buildConfigurations = (
				0F22E1BB1E8407D1004B722A /* Debug */,
				0F22E1BC1E8407D1004B722A /* Release */,
			);
			defaultConfigurationIsVisible = 0;
			defaultConfigurationName = Release;
		};
		0F22E1BD1E8407D1004B722A /* Build configuration list for PBXNativeTarget "Karma" */ = {
			isa = XCConfigurationList;
			buildConfigurations = (
				0F22E1BE1E8407D1004B722A /* Debug */,
				0F22E1BF1E8407D1004B722A /* Release */,
			);
			defaultConfigurationIsVisible = 0;
			defaultConfigurationName = Release;
		};
		2287A3451FB507ED0035C685 /* Build configuration list for PBXNativeTarget "CostCalculator" */ = {
			isa = XCConfigurationList;
			buildConfigurations = (
				2287A3431FB507ED0035C685 /* Debug */,
				2287A3441FB507ED0035C685 /* Release */,
			);
			defaultConfigurationIsVisible = 0;
			defaultConfigurationName = Release;
		};
/* End XCConfigurationList section */
	};
	rootObject = 0F22E1A31E8407D1004B722A /* Project object */;
}
